// !$*UTF8*$!
{
	archiveVersion = 1;
	classes = {
	};
	objectVersion = 48;
	objects = {

/* Begin PBXBuildFile section */
		2D3620B856999F1317CD424D /* Pods_CardoUITests.framework in Frameworks */ = {isa = PBXBuildFile; fileRef = 0F07BB50A3505D0A35EEBFDB /* Pods_CardoUITests.framework */; };
		3498A8DE214B605E86EF0ED1 /* Pods_CardoTests.framework in Frameworks */ = {isa = PBXBuildFile; fileRef = B7741DDB507CD4979B8887FA /* Pods_CardoTests.framework */; };
		A078542988D7A2E1BCF0A88B /* Pods_Cardo.framework in Frameworks */ = {isa = PBXBuildFile; fileRef = 95C3FEA19ADC4C2E12449A96 /* Pods_Cardo.framework */; };
		A90A035B2238FA9900FE5AE6 /* Cardo.swift in Sources */ = {isa = PBXBuildFile; fileRef = A90A035A2238FA9900FE5AE6 /* Cardo.swift */; };
		A923A80D2226D27900950D71 /* CardoPointView.swift in Sources */ = {isa = PBXBuildFile; fileRef = A923A80C2226D27900950D71 /* CardoPointView.swift */; };
		A923A80F2226D29000950D71 /* CardoPointView.xib in Resources */ = {isa = PBXBuildFile; fileRef = A923A80E2226D29000950D71 /* CardoPointView.xib */; };
		A9326296224521C2003D3B6A /* MyRequest.swift in Sources */ = {isa = PBXBuildFile; fileRef = A9326295224521C2003D3B6A /* MyRequest.swift */; };
		A9326298224522CF003D3B6A /* Server.swift in Sources */ = {isa = PBXBuildFile; fileRef = A9326297224522CE003D3B6A /* Server.swift */; };
		A94DF089222568AA00EE820C /* MapKit.framework in Frameworks */ = {isa = PBXBuildFile; fileRef = A94DF088222568A900EE820C /* MapKit.framework */; };
		A94DF08C222568BD00EE820C /* StoreKit.framework in Frameworks */ = {isa = PBXBuildFile; fileRef = A94DF08B222568BD00EE820C /* StoreKit.framework */; };
		A95DA4A721F46A260039998D /* AppDelegate.swift in Sources */ = {isa = PBXBuildFile; fileRef = A95DA4A621F46A260039998D /* AppDelegate.swift */; };
		A95DA4AC21F46A260039998D /* Main.storyboard in Resources */ = {isa = PBXBuildFile; fileRef = A95DA4AA21F46A260039998D /* Main.storyboard */; };
		A95DA4AE21F46A270039998D /* Assets.xcassets in Resources */ = {isa = PBXBuildFile; fileRef = A95DA4AD21F46A270039998D /* Assets.xcassets */; };
		A95DA4B121F46A270039998D /* LaunchScreen.storyboard in Resources */ = {isa = PBXBuildFile; fileRef = A95DA4AF21F46A270039998D /* LaunchScreen.storyboard */; };
		A95DA4BC21F46A270039998D /* CardoTests.swift in Sources */ = {isa = PBXBuildFile; fileRef = A95DA4BB21F46A270039998D /* CardoTests.swift */; };
		A95DA4C721F46A270039998D /* CardoUITests.swift in Sources */ = {isa = PBXBuildFile; fileRef = A95DA4C621F46A270039998D /* CardoUITests.swift */; };
		A9640994227DE5D900208C7F /* CardoCollectionFooterView.swift in Sources */ = {isa = PBXBuildFile; fileRef = A964098F227DE5D900208C7F /* CardoCollectionFooterView.swift */; };
		A9640995227DE5D900208C7F /* CardoCollectionHeaderAndFooterProtocol.swift in Sources */ = {isa = PBXBuildFile; fileRef = A9640990227DE5D900208C7F /* CardoCollectionHeaderAndFooterProtocol.swift */; };
		A9640996227DE5D900208C7F /* CardoCollectionHeaderView.swift in Sources */ = {isa = PBXBuildFile; fileRef = A9640991227DE5D900208C7F /* CardoCollectionHeaderView.swift */; };
		A9640997227DE5D900208C7F /* CollectionViewModel.swift in Sources */ = {isa = PBXBuildFile; fileRef = A9640992227DE5D900208C7F /* CollectionViewModel.swift */; };
		A9640998227DE5D900208C7F /* SectionViewModel.swift in Sources */ = {isa = PBXBuildFile; fileRef = A9640993227DE5D900208C7F /* SectionViewModel.swift */; };
		A99DA24722213F590055DB55 /* CameraViewController.swift in Sources */ = {isa = PBXBuildFile; fileRef = A99DA24622213F590055DB55 /* CameraViewController.swift */; };
		A99DA24922213FF30055DB55 /* LoginViewController.swift in Sources */ = {isa = PBXBuildFile; fileRef = A99DA24822213FF30055DB55 /* LoginViewController.swift */; };
		A99DA24B222143460055DB55 /* MapCardosViewController.swift in Sources */ = {isa = PBXBuildFile; fileRef = A99DA24A222143460055DB55 /* MapCardosViewController.swift */; };
		A99DA24E222144EB0055DB55 /* MyTabBarController.swift in Sources */ = {isa = PBXBuildFile; fileRef = A99DA24D222144EB0055DB55 /* MyTabBarController.swift */; };
		A9A4F8A62286E6F800955E3D /* DBHelper.swift in Sources */ = {isa = PBXBuildFile; fileRef = A9A4F8A52286E6F800955E3D /* DBHelper.swift */; };
		A9A523C922474F5600BF3115 /* FoundationExtension.swift in Sources */ = {isa = PBXBuildFile; fileRef = A9A523C822474F5600BF3115 /* FoundationExtension.swift */; };
		A9B0ED7A2245EF2400E84E2D /* PrivacyRequest.swift in Sources */ = {isa = PBXBuildFile; fileRef = A9B0ED792245EF2400E84E2D /* PrivacyRequest.swift */; };
		A9B0ED7C2245F53500E84E2D /* MapCardosViewModel.swift in Sources */ = {isa = PBXBuildFile; fileRef = A9B0ED7B2245F53500E84E2D /* MapCardosViewModel.swift */; };
		A9B37DDD2227A9CB00117F96 /* AccountTableViewController.swift in Sources */ = {isa = PBXBuildFile; fileRef = A9B37DDC2227A9CB00117F96 /* AccountTableViewController.swift */; };
		A9B37DDF2227B78300117F96 /* UIAlertUtils.swift in Sources */ = {isa = PBXBuildFile; fileRef = A9B37DDE2227B78300117F96 /* UIAlertUtils.swift */; };
		A9B3EAB02223DF8A002A387D /* CardCell.swift in Sources */ = {isa = PBXBuildFile; fileRef = A9B3EAAE2223DF8A002A387D /* CardCell.swift */; };
		A9B3EAB12223DF8A002A387D /* CardCell.xib in Resources */ = {isa = PBXBuildFile; fileRef = A9B3EAAF2223DF8A002A387D /* CardCell.xib */; };
		A9B7516C2239123C0016853D /* CardoAnnotation.swift in Sources */ = {isa = PBXBuildFile; fileRef = A9B7516B2239123C0016853D /* CardoAnnotation.swift */; };
		A9B7516E223916570016853D /* CardoAnnotationView.swift in Sources */ = {isa = PBXBuildFile; fileRef = A9B7516D223916570016853D /* CardoAnnotationView.swift */; };
		A9C1E131224D9ECB001D6D68 /* CardosOfDate.swift in Sources */ = {isa = PBXBuildFile; fileRef = A9C1E130224D9ECB001D6D68 /* CardosOfDate.swift */; };
		A9C27A0B22017B2700D2C773 /* CollectionViewController.swift in Sources */ = {isa = PBXBuildFile; fileRef = A9C27A0A22017B2700D2C773 /* CollectionViewController.swift */; };
		A9C745A622421CC600B310C1 /* User.swift in Sources */ = {isa = PBXBuildFile; fileRef = A9C745A522421CC600B310C1 /* User.swift */; };
		A9ED31C02286C05E00857473 /* CardoR.swift in Sources */ = {isa = PBXBuildFile; fileRef = A9ED31BF2286C05E00857473 /* CardoR.swift */; };
		A9EDD6C52227EAC0007CD25A /* CardoViewController.swift in Sources */ = {isa = PBXBuildFile; fileRef = A9EDD6C32227EAC0007CD25A /* CardoViewController.swift */; };
		A9EDD6C62227EAC0007CD25A /* CardoViewController.xib in Resources */ = {isa = PBXBuildFile; fileRef = A9EDD6C42227EAC0007CD25A /* CardoViewController.xib */; };
		A9F79ACC2231411D00BF46A3 /* MyPopView.swift in Sources */ = {isa = PBXBuildFile; fileRef = A9F79ACB2231411D00BF46A3 /* MyPopView.swift */; };
		A9F79ACE2231414800BF46A3 /* MyPopView.xib in Resources */ = {isa = PBXBuildFile; fileRef = A9F79ACD2231414800BF46A3 /* MyPopView.xib */; };
		B7038558CD7FF3D2587BF3C5 /* ViewController.swift in Sources */ = {isa = PBXBuildFile; fileRef = B7038619A16F00AEFA98F97E /* ViewController.swift */; };
/* End PBXBuildFile section */

/* Begin PBXContainerItemProxy section */
		A95DA4B821F46A270039998D /* PBXContainerItemProxy */ = {
			isa = PBXContainerItemProxy;
			containerPortal = A95DA49B21F46A260039998D /* Project object */;
			proxyType = 1;
			remoteGlobalIDString = A95DA4A221F46A260039998D;
			remoteInfo = Cardo;
		};
		A95DA4C321F46A270039998D /* PBXContainerItemProxy */ = {
			isa = PBXContainerItemProxy;
			containerPortal = A95DA49B21F46A260039998D /* Project object */;
			proxyType = 1;
			remoteGlobalIDString = A95DA4A221F46A260039998D;
			remoteInfo = Cardo;
		};
/* End PBXContainerItemProxy section */

/* Begin PBXFileReference section */
		0F07BB50A3505D0A35EEBFDB /* Pods_CardoUITests.framework */ = {isa = PBXFileReference; explicitFileType = wrapper.framework; includeInIndex = 0; path = Pods_CardoUITests.framework; sourceTree = BUILT_PRODUCTS_DIR; };
		95C3FEA19ADC4C2E12449A96 /* Pods_Cardo.framework */ = {isa = PBXFileReference; explicitFileType = wrapper.framework; includeInIndex = 0; path = Pods_Cardo.framework; sourceTree = BUILT_PRODUCTS_DIR; };
		A90A035A2238FA9900FE5AE6 /* Cardo.swift */ = {isa = PBXFileReference; lastKnownFileType = sourcecode.swift; path = Cardo.swift; sourceTree = "<group>"; };
		A923A80C2226D27900950D71 /* CardoPointView.swift */ = {isa = PBXFileReference; lastKnownFileType = sourcecode.swift; path = CardoPointView.swift; sourceTree = "<group>"; };
		A923A80E2226D29000950D71 /* CardoPointView.xib */ = {isa = PBXFileReference; lastKnownFileType = file.xib; path = CardoPointView.xib; sourceTree = "<group>"; };
		A9326295224521C2003D3B6A /* MyRequest.swift */ = {isa = PBXFileReference; fileEncoding = 4; lastKnownFileType = sourcecode.swift; path = MyRequest.swift; sourceTree = "<group>"; };
		A9326297224522CE003D3B6A /* Server.swift */ = {isa = PBXFileReference; fileEncoding = 4; lastKnownFileType = sourcecode.swift; path = Server.swift; sourceTree = "<group>"; };
		A94DF088222568A900EE820C /* MapKit.framework */ = {isa = PBXFileReference; lastKnownFileType = wrapper.framework; name = MapKit.framework; path = System/Library/Frameworks/MapKit.framework; sourceTree = SDKROOT; };
		A94DF08A222568B300EE820C /* Cardo.entitlements */ = {isa = PBXFileReference; lastKnownFileType = text.plist.entitlements; path = Cardo.entitlements; sourceTree = "<group>"; };
		A94DF08B222568BD00EE820C /* StoreKit.framework */ = {isa = PBXFileReference; lastKnownFileType = wrapper.framework; name = StoreKit.framework; path = System/Library/Frameworks/StoreKit.framework; sourceTree = SDKROOT; };
		A95DA4A321F46A260039998D /* Cardo.app */ = {isa = PBXFileReference; explicitFileType = wrapper.application; includeInIndex = 0; path = Cardo.app; sourceTree = BUILT_PRODUCTS_DIR; };
		A95DA4A621F46A260039998D /* AppDelegate.swift */ = {isa = PBXFileReference; lastKnownFileType = sourcecode.swift; path = AppDelegate.swift; sourceTree = "<group>"; };
		A95DA4AB21F46A260039998D /* Base */ = {isa = PBXFileReference; lastKnownFileType = file.storyboard; name = Base; path = Base.lproj/Main.storyboard; sourceTree = "<group>"; };
		A95DA4AD21F46A270039998D /* Assets.xcassets */ = {isa = PBXFileReference; lastKnownFileType = folder.assetcatalog; path = Assets.xcassets; sourceTree = "<group>"; };
		A95DA4B021F46A270039998D /* Base */ = {isa = PBXFileReference; lastKnownFileType = file.storyboard; name = Base; path = Base.lproj/LaunchScreen.storyboard; sourceTree = "<group>"; };
		A95DA4B221F46A270039998D /* Info.plist */ = {isa = PBXFileReference; lastKnownFileType = text.plist.xml; path = Info.plist; sourceTree = "<group>"; };
		A95DA4B721F46A270039998D /* CardoTests.xctest */ = {isa = PBXFileReference; explicitFileType = wrapper.cfbundle; includeInIndex = 0; path = CardoTests.xctest; sourceTree = BUILT_PRODUCTS_DIR; };
		A95DA4BB21F46A270039998D /* CardoTests.swift */ = {isa = PBXFileReference; lastKnownFileType = sourcecode.swift; path = CardoTests.swift; sourceTree = "<group>"; };
		A95DA4BD21F46A270039998D /* Info.plist */ = {isa = PBXFileReference; lastKnownFileType = text.plist.xml; path = Info.plist; sourceTree = "<group>"; };
		A95DA4C221F46A270039998D /* CardoUITests.xctest */ = {isa = PBXFileReference; explicitFileType = wrapper.cfbundle; includeInIndex = 0; path = CardoUITests.xctest; sourceTree = BUILT_PRODUCTS_DIR; };
		A95DA4C621F46A270039998D /* CardoUITests.swift */ = {isa = PBXFileReference; lastKnownFileType = sourcecode.swift; path = CardoUITests.swift; sourceTree = "<group>"; };
		A95DA4C821F46A270039998D /* Info.plist */ = {isa = PBXFileReference; lastKnownFileType = text.plist.xml; path = Info.plist; sourceTree = "<group>"; };
		A964098F227DE5D900208C7F /* CardoCollectionFooterView.swift */ = {isa = PBXFileReference; fileEncoding = 4; lastKnownFileType = sourcecode.swift; path = CardoCollectionFooterView.swift; sourceTree = "<group>"; };
		A9640990227DE5D900208C7F /* CardoCollectionHeaderAndFooterProtocol.swift */ = {isa = PBXFileReference; fileEncoding = 4; lastKnownFileType = sourcecode.swift; path = CardoCollectionHeaderAndFooterProtocol.swift; sourceTree = "<group>"; };
		A9640991227DE5D900208C7F /* CardoCollectionHeaderView.swift */ = {isa = PBXFileReference; fileEncoding = 4; lastKnownFileType = sourcecode.swift; path = CardoCollectionHeaderView.swift; sourceTree = "<group>"; };
		A9640992227DE5D900208C7F /* CollectionViewModel.swift */ = {isa = PBXFileReference; fileEncoding = 4; lastKnownFileType = sourcecode.swift; path = CollectionViewModel.swift; sourceTree = "<group>"; };
		A9640993227DE5D900208C7F /* SectionViewModel.swift */ = {isa = PBXFileReference; fileEncoding = 4; lastKnownFileType = sourcecode.swift; path = SectionViewModel.swift; sourceTree = "<group>"; };
		A99DA24622213F590055DB55 /* CameraViewController.swift */ = {isa = PBXFileReference; lastKnownFileType = sourcecode.swift; path = CameraViewController.swift; sourceTree = "<group>"; };
		A99DA24822213FF30055DB55 /* LoginViewController.swift */ = {isa = PBXFileReference; lastKnownFileType = sourcecode.swift; path = LoginViewController.swift; sourceTree = "<group>"; };
		A99DA24A222143460055DB55 /* MapCardosViewController.swift */ = {isa = PBXFileReference; lastKnownFileType = sourcecode.swift; path = MapCardosViewController.swift; sourceTree = "<group>"; };
		A99DA24D222144EB0055DB55 /* MyTabBarController.swift */ = {isa = PBXFileReference; lastKnownFileType = sourcecode.swift; path = MyTabBarController.swift; sourceTree = "<group>"; };
		A9A4F8A52286E6F800955E3D /* DBHelper.swift */ = {isa = PBXFileReference; lastKnownFileType = sourcecode.swift; path = DBHelper.swift; sourceTree = "<group>"; };
		A9A523C822474F5600BF3115 /* FoundationExtension.swift */ = {isa = PBXFileReference; lastKnownFileType = sourcecode.swift; path = FoundationExtension.swift; sourceTree = "<group>"; };
		A9B0ED792245EF2400E84E2D /* PrivacyRequest.swift */ = {isa = PBXFileReference; lastKnownFileType = sourcecode.swift; path = PrivacyRequest.swift; sourceTree = "<group>"; };
		A9B0ED7B2245F53500E84E2D /* MapCardosViewModel.swift */ = {isa = PBXFileReference; lastKnownFileType = sourcecode.swift; path = MapCardosViewModel.swift; sourceTree = "<group>"; };
		A9B37DDC2227A9CB00117F96 /* AccountTableViewController.swift */ = {isa = PBXFileReference; lastKnownFileType = sourcecode.swift; path = AccountTableViewController.swift; sourceTree = "<group>"; };
		A9B37DDE2227B78300117F96 /* UIAlertUtils.swift */ = {isa = PBXFileReference; lastKnownFileType = sourcecode.swift; path = UIAlertUtils.swift; sourceTree = "<group>"; };
		A9B3EAAE2223DF8A002A387D /* CardCell.swift */ = {isa = PBXFileReference; lastKnownFileType = sourcecode.swift; path = CardCell.swift; sourceTree = "<group>"; };
		A9B3EAAF2223DF8A002A387D /* CardCell.xib */ = {isa = PBXFileReference; lastKnownFileType = file.xib; path = CardCell.xib; sourceTree = "<group>"; };
		A9B7516B2239123C0016853D /* CardoAnnotation.swift */ = {isa = PBXFileReference; fileEncoding = 4; lastKnownFileType = sourcecode.swift; path = CardoAnnotation.swift; sourceTree = "<group>"; };
		A9B7516D223916570016853D /* CardoAnnotationView.swift */ = {isa = PBXFileReference; lastKnownFileType = sourcecode.swift; path = CardoAnnotationView.swift; sourceTree = "<group>"; };
		A9C1E130224D9ECB001D6D68 /* CardosOfDate.swift */ = {isa = PBXFileReference; lastKnownFileType = sourcecode.swift; path = CardosOfDate.swift; sourceTree = "<group>"; };
		A9C27A0A22017B2700D2C773 /* CollectionViewController.swift */ = {isa = PBXFileReference; lastKnownFileType = sourcecode.swift; path = CollectionViewController.swift; sourceTree = "<group>"; };
		A9C745A522421CC600B310C1 /* User.swift */ = {isa = PBXFileReference; fileEncoding = 4; lastKnownFileType = sourcecode.swift; path = User.swift; sourceTree = "<group>"; };
		A9ED31BF2286C05E00857473 /* CardoR.swift */ = {isa = PBXFileReference; lastKnownFileType = sourcecode.swift; path = CardoR.swift; sourceTree = "<group>"; };
		A9EDD6C32227EAC0007CD25A /* CardoViewController.swift */ = {isa = PBXFileReference; lastKnownFileType = sourcecode.swift; path = CardoViewController.swift; sourceTree = "<group>"; };
		A9EDD6C42227EAC0007CD25A /* CardoViewController.xib */ = {isa = PBXFileReference; lastKnownFileType = file.xib; path = CardoViewController.xib; sourceTree = "<group>"; };
		A9F79ACB2231411D00BF46A3 /* MyPopView.swift */ = {isa = PBXFileReference; lastKnownFileType = sourcecode.swift; path = MyPopView.swift; sourceTree = "<group>"; };
		A9F79ACD2231414800BF46A3 /* MyPopView.xib */ = {isa = PBXFileReference; lastKnownFileType = file.xib; path = MyPopView.xib; sourceTree = "<group>"; };
		B4480B873E2F3A58A67B290A /* Pods-CardoTests.release.xcconfig */ = {isa = PBXFileReference; includeInIndex = 1; lastKnownFileType = text.xcconfig; name = "Pods-CardoTests.release.xcconfig"; path = "Pods/Target Support Files/Pods-CardoTests/Pods-CardoTests.release.xcconfig"; sourceTree = "<group>"; };
		B7038619A16F00AEFA98F97E /* ViewController.swift */ = {isa = PBXFileReference; fileEncoding = 4; lastKnownFileType = sourcecode.swift; path = ViewController.swift; sourceTree = "<group>"; };
		B7741DDB507CD4979B8887FA /* Pods_CardoTests.framework */ = {isa = PBXFileReference; explicitFileType = wrapper.framework; includeInIndex = 0; path = Pods_CardoTests.framework; sourceTree = BUILT_PRODUCTS_DIR; };
		C3E7341215AC67AA490FDF67 /* Pods-CardoUITests.release.xcconfig */ = {isa = PBXFileReference; includeInIndex = 1; lastKnownFileType = text.xcconfig; name = "Pods-CardoUITests.release.xcconfig"; path = "Pods/Target Support Files/Pods-CardoUITests/Pods-CardoUITests.release.xcconfig"; sourceTree = "<group>"; };
		C76D2921D1F303574AB03A67 /* Pods-CardoTests.debug.xcconfig */ = {isa = PBXFileReference; includeInIndex = 1; lastKnownFileType = text.xcconfig; name = "Pods-CardoTests.debug.xcconfig"; path = "Pods/Target Support Files/Pods-CardoTests/Pods-CardoTests.debug.xcconfig"; sourceTree = "<group>"; };
		DA73DC370A0F7AF97B9218A9 /* Pods-Cardo.release.xcconfig */ = {isa = PBXFileReference; includeInIndex = 1; lastKnownFileType = text.xcconfig; name = "Pods-Cardo.release.xcconfig"; path = "Pods/Target Support Files/Pods-Cardo/Pods-Cardo.release.xcconfig"; sourceTree = "<group>"; };
		F7507BDD453DB76E78262B01 /* Pods-CardoUITests.debug.xcconfig */ = {isa = PBXFileReference; includeInIndex = 1; lastKnownFileType = text.xcconfig; name = "Pods-CardoUITests.debug.xcconfig"; path = "Pods/Target Support Files/Pods-CardoUITests/Pods-CardoUITests.debug.xcconfig"; sourceTree = "<group>"; };
		F9337C1E99C572B05B0BB691 /* Pods-Cardo.debug.xcconfig */ = {isa = PBXFileReference; includeInIndex = 1; lastKnownFileType = text.xcconfig; name = "Pods-Cardo.debug.xcconfig"; path = "Pods/Target Support Files/Pods-Cardo/Pods-Cardo.debug.xcconfig"; sourceTree = "<group>"; };
/* End PBXFileReference section */

/* Begin PBXFrameworksBuildPhase section */
		A95DA4A021F46A260039998D /* Frameworks */ = {
			isa = PBXFrameworksBuildPhase;
			buildActionMask = 2147483647;
			files = (
				A94DF08C222568BD00EE820C /* StoreKit.framework in Frameworks */,
				A94DF089222568AA00EE820C /* MapKit.framework in Frameworks */,
				A078542988D7A2E1BCF0A88B /* Pods_Cardo.framework in Frameworks */,
			);
			runOnlyForDeploymentPostprocessing = 0;
		};
		A95DA4B421F46A270039998D /* Frameworks */ = {
			isa = PBXFrameworksBuildPhase;
			buildActionMask = 2147483647;
			files = (
				3498A8DE214B605E86EF0ED1 /* Pods_CardoTests.framework in Frameworks */,
			);
			runOnlyForDeploymentPostprocessing = 0;
		};
		A95DA4BF21F46A270039998D /* Frameworks */ = {
			isa = PBXFrameworksBuildPhase;
			buildActionMask = 2147483647;
			files = (
				2D3620B856999F1317CD424D /* Pods_CardoUITests.framework in Frameworks */,
			);
			runOnlyForDeploymentPostprocessing = 0;
		};
/* End PBXFrameworksBuildPhase section */

/* Begin PBXGroup section */
		6FA8900668BC0D2588CBE9C4 /* Pods */ = {
			isa = PBXGroup;
			children = (
				F9337C1E99C572B05B0BB691 /* Pods-Cardo.debug.xcconfig */,
				DA73DC370A0F7AF97B9218A9 /* Pods-Cardo.release.xcconfig */,
				C76D2921D1F303574AB03A67 /* Pods-CardoTests.debug.xcconfig */,
				B4480B873E2F3A58A67B290A /* Pods-CardoTests.release.xcconfig */,
				F7507BDD453DB76E78262B01 /* Pods-CardoUITests.debug.xcconfig */,
				C3E7341215AC67AA490FDF67 /* Pods-CardoUITests.release.xcconfig */,
			);
			name = Pods;
			sourceTree = "<group>";
		};
		A923A8032226BC5400950D71 /* unuse */ = {
			isa = PBXGroup;
			children = (
				A99DA24622213F590055DB55 /* CameraViewController.swift */,
			);
			path = unuse;
			sourceTree = "<group>";
		};
		A923A8042226BC7A00950D71 /* UI */ = {
			isa = PBXGroup;
			children = (
				A932628C2244F818003D3B6A /* AlertViews */,
				A95DA4AA21F46A260039998D /* Main.storyboard */,
				A99DA24822213FF30055DB55 /* LoginViewController.swift */,
				A97DC08E222826AC00B79196 /* TabBar */,
			);
			path = UI;
			sourceTree = "<group>";
		};
		A923A8052226BEFF00950D71 /* CollectionView */ = {
			isa = PBXGroup;
			children = (
				A964098E227DE5D900208C7F /* metaS */,
				A9393A642223E39600FE8329 /* meta */,
				A9640992227DE5D900208C7F /* CollectionViewModel.swift */,
				A9C27A0A22017B2700D2C773 /* CollectionViewController.swift */,
			);
			path = CollectionView;
			sourceTree = "<group>";
		};
		A923A8082226D21B00950D71 /* MapCardsView */ = {
			isa = PBXGroup;
			children = (
				A923A8092226D22C00950D71 /* meta */,
				A99DA24A222143460055DB55 /* MapCardosViewController.swift */,
				A9B0ED7B2245F53500E84E2D /* MapCardosViewModel.swift */,
			);
			path = MapCardsView;
			sourceTree = "<group>";
		};
		A923A8092226D22C00950D71 /* meta */ = {
			isa = PBXGroup;
			children = (
				A923A80C2226D27900950D71 /* CardoPointView.swift */,
				A9B7516B2239123C0016853D /* CardoAnnotation.swift */,
				A923A80E2226D29000950D71 /* CardoPointView.xib */,
				A9B7516D223916570016853D /* CardoAnnotationView.swift */,
			);
			path = meta;
			sourceTree = "<group>";
		};
		A932628C2244F818003D3B6A /* AlertViews */ = {
			isa = PBXGroup;
			children = (
				A9B37DDE2227B78300117F96 /* UIAlertUtils.swift */,
			);
			path = AlertViews;
			sourceTree = "<group>";
		};
		A9393A642223E39600FE8329 /* meta */ = {
			isa = PBXGroup;
			children = (
				A9B3EAAE2223DF8A002A387D /* CardCell.swift */,
				A9B3EAAF2223DF8A002A387D /* CardCell.xib */,
				A9F79ACB2231411D00BF46A3 /* MyPopView.swift */,
				A9F79ACD2231414800BF46A3 /* MyPopView.xib */,
			);
			path = meta;
			sourceTree = "<group>";
		};
		A95DA49A21F46A260039998D = {
			isa = PBXGroup;
			children = (
				A95DA4A521F46A260039998D /* Cardo */,
				A95DA4BA21F46A270039998D /* CardoTests */,
				A95DA4C521F46A270039998D /* CardoUITests */,
				A95DA4A421F46A260039998D /* Products */,
				6FA8900668BC0D2588CBE9C4 /* Pods */,
				DC9ADE0BD55F8AB6C94E917D /* Frameworks */,
			);
			sourceTree = "<group>";
		};
		A95DA4A421F46A260039998D /* Products */ = {
			isa = PBXGroup;
			children = (
				A95DA4A321F46A260039998D /* Cardo.app */,
				A95DA4B721F46A270039998D /* CardoTests.xctest */,
				A95DA4C221F46A270039998D /* CardoUITests.xctest */,
			);
			name = Products;
			sourceTree = "<group>";
		};
		A95DA4A521F46A260039998D /* Cardo */ = {
			isa = PBXGroup;
			children = (
				A95DA4AD21F46A270039998D /* Assets.xcassets */,
				A9C745A522421CC600B310C1 /* User.swift */,
				A90A035A2238FA9900FE5AE6 /* Cardo.swift */,
				A9C745A4224218A000B310C1 /* Net */,
				A9ED31BE2286C02A00857473 /* Model */,
				A923A8042226BC7A00950D71 /* UI */,
				A97DC08D2228198100B79196 /* Utils */,
				A94DF08A222568B300EE820C /* Cardo.entitlements */,
				A95DA4A621F46A260039998D /* AppDelegate.swift */,
				A95DA4AF21F46A270039998D /* LaunchScreen.storyboard */,
				A95DA4B221F46A270039998D /* Info.plist */,
				A923A8032226BC5400950D71 /* unuse */,
			);
			path = Cardo;
			sourceTree = "<group>";
		};
		A95DA4BA21F46A270039998D /* CardoTests */ = {
			isa = PBXGroup;
			children = (
				A95DA4BB21F46A270039998D /* CardoTests.swift */,
				A95DA4BD21F46A270039998D /* Info.plist */,
				B7038619A16F00AEFA98F97E /* ViewController.swift */,
			);
			path = CardoTests;
			sourceTree = "<group>";
		};
		A95DA4C521F46A270039998D /* CardoUITests */ = {
			isa = PBXGroup;
			children = (
				A95DA4C621F46A270039998D /* CardoUITests.swift */,
				A95DA4C821F46A270039998D /* Info.plist */,
			);
			path = CardoUITests;
			sourceTree = "<group>";
		};
		A964098E227DE5D900208C7F /* metaS */ = {
			isa = PBXGroup;
			children = (
				A964098F227DE5D900208C7F /* CardoCollectionFooterView.swift */,
				A9640990227DE5D900208C7F /* CardoCollectionHeaderAndFooterProtocol.swift */,
				A9640991227DE5D900208C7F /* CardoCollectionHeaderView.swift */,
				A9640993227DE5D900208C7F /* SectionViewModel.swift */,
			);
			path = metaS;
			sourceTree = "<group>";
		};
		A97DC08D2228198100B79196 /* Utils */ = {
			isa = PBXGroup;
			children = (
				A9B0ED792245EF2400E84E2D /* PrivacyRequest.swift */,
				A9A523C822474F5600BF3115 /* FoundationExtension.swift */,
				A9C1E130224D9ECB001D6D68 /* CardosOfDate.swift */,
			);
			path = Utils;
			sourceTree = "<group>";
		};
		A97DC08E222826AC00B79196 /* TabBar */ = {
			isa = PBXGroup;
			children = (
				A99DA24D222144EB0055DB55 /* MyTabBarController.swift */,
				A99DA24C222143CE0055DB55 /* tab */,
			);
			path = TabBar;
			sourceTree = "<group>";
		};
		A98122ED2284FDD500933F90 /* Account */ = {
			isa = PBXGroup;
			children = (
				A9B37DDC2227A9CB00117F96 /* AccountTableViewController.swift */,
			);
			path = Account;
			sourceTree = "<group>";
		};
		A98122F0228503A500933F90 /* CardoView */ = {
			isa = PBXGroup;
			children = (
				A9EDD6C32227EAC0007CD25A /* CardoViewController.swift */,
				A9EDD6C42227EAC0007CD25A /* CardoViewController.xib */,
			);
			path = CardoView;
			sourceTree = "<group>";
		};
		A99DA24C222143CE0055DB55 /* tab */ = {
			isa = PBXGroup;
			children = (
				A98122F0228503A500933F90 /* CardoView */,
				A98122ED2284FDD500933F90 /* Account */,
				A923A8082226D21B00950D71 /* MapCardsView */,
				A923A8052226BEFF00950D71 /* CollectionView */,
			);
			path = tab;
			sourceTree = "<group>";
		};
		A9C745A4224218A000B310C1 /* Net */ = {
			isa = PBXGroup;
			children = (
				A9326295224521C2003D3B6A /* MyRequest.swift */,
				A9326297224522CE003D3B6A /* Server.swift */,
			);
			path = Net;
			sourceTree = "<group>";
		};
		A9ED31BE2286C02A00857473 /* Model */ = {
			isa = PBXGroup;
			children = (
				A9ED31BF2286C05E00857473 /* CardoR.swift */,
				A9A4F8A52286E6F800955E3D /* DBHelper.swift */,
			);
			path = Model;
			sourceTree = "<group>";
		};
		DC9ADE0BD55F8AB6C94E917D /* Frameworks */ = {
			isa = PBXGroup;
			children = (
				A94DF08B222568BD00EE820C /* StoreKit.framework */,
				A94DF088222568A900EE820C /* MapKit.framework */,
				95C3FEA19ADC4C2E12449A96 /* Pods_Cardo.framework */,
				B7741DDB507CD4979B8887FA /* Pods_CardoTests.framework */,
				0F07BB50A3505D0A35EEBFDB /* Pods_CardoUITests.framework */,
			);
			name = Frameworks;
			sourceTree = "<group>";
		};
/* End PBXGroup section */

/* Begin PBXNativeTarget section */
		A95DA4A221F46A260039998D /* Cardo */ = {
			isa = PBXNativeTarget;
			buildConfigurationList = A95DA4CB21F46A270039998D /* Build configuration list for PBXNativeTarget "Cardo" */;
			buildPhases = (
				2C14F38419DB369F4145BC4C /* [CP] Check Pods Manifest.lock */,
				A95DA49F21F46A260039998D /* Sources */,
				A95DA4A021F46A260039998D /* Frameworks */,
				A95DA4A121F46A260039998D /* Resources */,
				7692614E0AD9605A47D4E17D /* [CP] Embed Pods Frameworks */,
			);
			buildRules = (
			);
			dependencies = (
			);
			name = Cardo;
			productName = Cardo;
			productReference = A95DA4A321F46A260039998D /* Cardo.app */;
			productType = "com.apple.product-type.application";
		};
		A95DA4B621F46A270039998D /* CardoTests */ = {
			isa = PBXNativeTarget;
			buildConfigurationList = A95DA4CE21F46A270039998D /* Build configuration list for PBXNativeTarget "CardoTests" */;
			buildPhases = (
				D9C75E25C2FAD54311878F61 /* [CP] Check Pods Manifest.lock */,
				A95DA4B321F46A270039998D /* Sources */,
				A95DA4B421F46A270039998D /* Frameworks */,
				A95DA4B521F46A270039998D /* Resources */,
			);
			buildRules = (
			);
			dependencies = (
				A95DA4B921F46A270039998D /* PBXTargetDependency */,
			);
			name = CardoTests;
			productName = CardoTests;
			productReference = A95DA4B721F46A270039998D /* CardoTests.xctest */;
			productType = "com.apple.product-type.bundle.unit-test";
		};
		A95DA4C121F46A270039998D /* CardoUITests */ = {
			isa = PBXNativeTarget;
			buildConfigurationList = A95DA4D121F46A270039998D /* Build configuration list for PBXNativeTarget "CardoUITests" */;
			buildPhases = (
				A72E8A54B2321B9D8D0D56DA /* [CP] Check Pods Manifest.lock */,
				A95DA4BE21F46A270039998D /* Sources */,
				A95DA4BF21F46A270039998D /* Frameworks */,
				A95DA4C021F46A270039998D /* Resources */,
			);
			buildRules = (
			);
			dependencies = (
				A95DA4C421F46A270039998D /* PBXTargetDependency */,
			);
			name = CardoUITests;
			productName = CardoUITests;
			productReference = A95DA4C221F46A270039998D /* CardoUITests.xctest */;
			productType = "com.apple.product-type.bundle.ui-testing";
		};
/* End PBXNativeTarget section */

/* Begin PBXProject section */
		A95DA49B21F46A260039998D /* Project object */ = {
			isa = PBXProject;
			attributes = {
				LastSwiftUpdateCheck = 0900;
				LastUpgradeCheck = 1010;
				ORGANIZATIONNAME = happts;
				TargetAttributes = {
					A95DA4A221F46A260039998D = {
						CreatedOnToolsVersion = 9.0;
						LastSwiftMigration = 1010;
						ProvisioningStyle = Automatic;
						SystemCapabilities = {
							com.apple.AccessWiFi = {
								enabled = 1;
							};
							com.apple.InAppPurchase = {
								enabled = 1;
							};
							com.apple.Maps.iOS = {
								enabled = 1;
							};
							com.apple.Push = {
								enabled = 1;
							};
						};
					};
					A95DA4B621F46A270039998D = {
						CreatedOnToolsVersion = 9.0;
						LastSwiftMigration = 1010;
						ProvisioningStyle = Automatic;
						TestTargetID = A95DA4A221F46A260039998D;
					};
					A95DA4C121F46A270039998D = {
						CreatedOnToolsVersion = 9.0;
						LastSwiftMigration = 1010;
						ProvisioningStyle = Automatic;
						TestTargetID = A95DA4A221F46A260039998D;
					};
				};
			};
			buildConfigurationList = A95DA49E21F46A260039998D /* Build configuration list for PBXProject "Cardo" */;
			compatibilityVersion = "Xcode 8.0";
			developmentRegion = en;
			hasScannedForEncodings = 0;
			knownRegions = (
				en,
				Base,
			);
			mainGroup = A95DA49A21F46A260039998D;
			productRefGroup = A95DA4A421F46A260039998D /* Products */;
			projectDirPath = "";
			projectRoot = "";
			targets = (
				A95DA4A221F46A260039998D /* Cardo */,
				A95DA4B621F46A270039998D /* CardoTests */,
				A95DA4C121F46A270039998D /* CardoUITests */,
			);
		};
/* End PBXProject section */

/* Begin PBXResourcesBuildPhase section */
		A95DA4A121F46A260039998D /* Resources */ = {
			isa = PBXResourcesBuildPhase;
			buildActionMask = 2147483647;
			files = (
				A95DA4B121F46A270039998D /* LaunchScreen.storyboard in Resources */,
				A95DA4AE21F46A270039998D /* Assets.xcassets in Resources */,
				A95DA4AC21F46A260039998D /* Main.storyboard in Resources */,
				A9B3EAB12223DF8A002A387D /* CardCell.xib in Resources */,
				A923A80F2226D29000950D71 /* CardoPointView.xib in Resources */,
				A9F79ACE2231414800BF46A3 /* MyPopView.xib in Resources */,
				A9EDD6C62227EAC0007CD25A /* CardoViewController.xib in Resources */,
			);
			runOnlyForDeploymentPostprocessing = 0;
		};
		A95DA4B521F46A270039998D /* Resources */ = {
			isa = PBXResourcesBuildPhase;
			buildActionMask = 2147483647;
			files = (
			);
			runOnlyForDeploymentPostprocessing = 0;
		};
		A95DA4C021F46A270039998D /* Resources */ = {
			isa = PBXResourcesBuildPhase;
			buildActionMask = 2147483647;
			files = (
			);
			runOnlyForDeploymentPostprocessing = 0;
		};
/* End PBXResourcesBuildPhase section */

/* Begin PBXShellScriptBuildPhase section */
		2C14F38419DB369F4145BC4C /* [CP] Check Pods Manifest.lock */ = {
			isa = PBXShellScriptBuildPhase;
			buildActionMask = 2147483647;
			files = (
			);
			inputFileListPaths = (
			);
			inputPaths = (
				"${PODS_PODFILE_DIR_PATH}/Podfile.lock",
				"${PODS_ROOT}/Manifest.lock",
			);
			name = "[CP] Check Pods Manifest.lock";
			outputFileListPaths = (
			);
			outputPaths = (
				"$(DERIVED_FILE_DIR)/Pods-Cardo-checkManifestLockResult.txt",
			);
			runOnlyForDeploymentPostprocessing = 0;
			shellPath = /bin/sh;
			shellScript = "diff \"${PODS_PODFILE_DIR_PATH}/Podfile.lock\" \"${PODS_ROOT}/Manifest.lock\" > /dev/null\nif [ $? != 0 ] ; then\n    # print error to STDERR\n    echo \"error: The sandbox is not in sync with the Podfile.lock. Run 'pod install' or update your CocoaPods installation.\" >&2\n    exit 1\nfi\n# This output is used by Xcode 'outputs' to avoid re-running this script phase.\necho \"SUCCESS\" > \"${SCRIPT_OUTPUT_FILE_0}\"\n";
			showEnvVarsInLog = 0;
		};
		7692614E0AD9605A47D4E17D /* [CP] Embed Pods Frameworks */ = {
			isa = PBXShellScriptBuildPhase;
			buildActionMask = 2147483647;
			files = (
			);
			inputFileListPaths = (
			);
			inputPaths = (
				"${PODS_ROOT}/Target Support Files/Pods-Cardo/Pods-Cardo-frameworks.sh",
				"${BUILT_PRODUCTS_DIR}/Alamofire/Alamofire.framework",
				"${BUILT_PRODUCTS_DIR}/AlamofireImage/AlamofireImage.framework",
				"${BUILT_PRODUCTS_DIR}/CRRefresh/CRRefresh.framework",
				"${BUILT_PRODUCTS_DIR}/ESTabBarController-swift/ESTabBarController_swift.framework",
				"${BUILT_PRODUCTS_DIR}/Realm/Realm.framework",
				"${BUILT_PRODUCTS_DIR}/RealmSwift/RealmSwift.framework",
				"${BUILT_PRODUCTS_DIR}/SwiftyJSON/SwiftyJSON.framework",
			);
			name = "[CP] Embed Pods Frameworks";
			outputFileListPaths = (
			);
			outputPaths = (
				"${TARGET_BUILD_DIR}/${FRAMEWORKS_FOLDER_PATH}/Alamofire.framework",
				"${TARGET_BUILD_DIR}/${FRAMEWORKS_FOLDER_PATH}/AlamofireImage.framework",
				"${TARGET_BUILD_DIR}/${FRAMEWORKS_FOLDER_PATH}/CRRefresh.framework",
				"${TARGET_BUILD_DIR}/${FRAMEWORKS_FOLDER_PATH}/ESTabBarController_swift.framework",
				"${TARGET_BUILD_DIR}/${FRAMEWORKS_FOLDER_PATH}/Realm.framework",
				"${TARGET_BUILD_DIR}/${FRAMEWORKS_FOLDER_PATH}/RealmSwift.framework",
				"${TARGET_BUILD_DIR}/${FRAMEWORKS_FOLDER_PATH}/SwiftyJSON.framework",
			);
			runOnlyForDeploymentPostprocessing = 0;
			shellPath = /bin/sh;
			shellScript = "\"${PODS_ROOT}/Target Support Files/Pods-Cardo/Pods-Cardo-frameworks.sh\"\n";
			showEnvVarsInLog = 0;
		};
		A72E8A54B2321B9D8D0D56DA /* [CP] Check Pods Manifest.lock */ = {
			isa = PBXShellScriptBuildPhase;
			buildActionMask = 2147483647;
			files = (
			);
			inputFileListPaths = (
			);
			inputPaths = (
				"${PODS_PODFILE_DIR_PATH}/Podfile.lock",
				"${PODS_ROOT}/Manifest.lock",
			);
			name = "[CP] Check Pods Manifest.lock";
			outputFileListPaths = (
			);
			outputPaths = (
				"$(DERIVED_FILE_DIR)/Pods-CardoUITests-checkManifestLockResult.txt",
			);
			runOnlyForDeploymentPostprocessing = 0;
			shellPath = /bin/sh;
			shellScript = "diff \"${PODS_PODFILE_DIR_PATH}/Podfile.lock\" \"${PODS_ROOT}/Manifest.lock\" > /dev/null\nif [ $? != 0 ] ; then\n    # print error to STDERR\n    echo \"error: The sandbox is not in sync with the Podfile.lock. Run 'pod install' or update your CocoaPods installation.\" >&2\n    exit 1\nfi\n# This output is used by Xcode 'outputs' to avoid re-running this script phase.\necho \"SUCCESS\" > \"${SCRIPT_OUTPUT_FILE_0}\"\n";
			showEnvVarsInLog = 0;
		};
		D9C75E25C2FAD54311878F61 /* [CP] Check Pods Manifest.lock */ = {
			isa = PBXShellScriptBuildPhase;
			buildActionMask = 2147483647;
			files = (
			);
			inputFileListPaths = (
			);
			inputPaths = (
				"${PODS_PODFILE_DIR_PATH}/Podfile.lock",
				"${PODS_ROOT}/Manifest.lock",
			);
			name = "[CP] Check Pods Manifest.lock";
			outputFileListPaths = (
			);
			outputPaths = (
				"$(DERIVED_FILE_DIR)/Pods-CardoTests-checkManifestLockResult.txt",
			);
			runOnlyForDeploymentPostprocessing = 0;
			shellPath = /bin/sh;
			shellScript = "diff \"${PODS_PODFILE_DIR_PATH}/Podfile.lock\" \"${PODS_ROOT}/Manifest.lock\" > /dev/null\nif [ $? != 0 ] ; then\n    # print error to STDERR\n    echo \"error: The sandbox is not in sync with the Podfile.lock. Run 'pod install' or update your CocoaPods installation.\" >&2\n    exit 1\nfi\n# This output is used by Xcode 'outputs' to avoid re-running this script phase.\necho \"SUCCESS\" > \"${SCRIPT_OUTPUT_FILE_0}\"\n";
			showEnvVarsInLog = 0;
		};
/* End PBXShellScriptBuildPhase section */

/* Begin PBXSourcesBuildPhase section */
		A95DA49F21F46A260039998D /* Sources */ = {
			isa = PBXSourcesBuildPhase;
			buildActionMask = 2147483647;
			files = (
				A99DA24B222143460055DB55 /* MapCardosViewController.swift in Sources */,
				A9B7516E223916570016853D /* CardoAnnotationView.swift in Sources */,
				A9C1E131224D9ECB001D6D68 /* CardosOfDate.swift in Sources */,
				A9640997227DE5D900208C7F /* CollectionViewModel.swift in Sources */,
				A9B37DDD2227A9CB00117F96 /* AccountTableViewController.swift in Sources */,
				A9EDD6C52227EAC0007CD25A /* CardoViewController.swift in Sources */,
				A99DA24922213FF30055DB55 /* LoginViewController.swift in Sources */,
				A9A4F8A62286E6F800955E3D /* DBHelper.swift in Sources */,
				A9C27A0B22017B2700D2C773 /* CollectionViewController.swift in Sources */,
				A9F79ACC2231411D00BF46A3 /* MyPopView.swift in Sources */,
				A9B7516C2239123C0016853D /* CardoAnnotation.swift in Sources */,
				A9640995227DE5D900208C7F /* CardoCollectionHeaderAndFooterProtocol.swift in Sources */,
				A9326298224522CF003D3B6A /* Server.swift in Sources */,
				A99DA24722213F590055DB55 /* CameraViewController.swift in Sources */,
				A9640996227DE5D900208C7F /* CardoCollectionHeaderView.swift in Sources */,
				A95DA4A721F46A260039998D /* AppDelegate.swift in Sources */,
				A9640994227DE5D900208C7F /* CardoCollectionFooterView.swift in Sources */,
				A9640998227DE5D900208C7F /* SectionViewModel.swift in Sources */,
				A9326296224521C2003D3B6A /* MyRequest.swift in Sources */,
				A9B3EAB02223DF8A002A387D /* CardCell.swift in Sources */,
				A90A035B2238FA9900FE5AE6 /* Cardo.swift in Sources */,
				B7038558CD7FF3D2587BF3C5 /* ViewController.swift in Sources */,
				A9B37DDF2227B78300117F96 /* UIAlertUtils.swift in Sources */,
				A923A80D2226D27900950D71 /* CardoPointView.swift in Sources */,
				A99DA24E222144EB0055DB55 /* MyTabBarController.swift in Sources */,
				A9ED31C02286C05E00857473 /* CardoR.swift in Sources */,
				A9B0ED7A2245EF2400E84E2D /* PrivacyRequest.swift in Sources */,
				A9C745A622421CC600B310C1 /* User.swift in Sources */,
				A9A523C922474F5600BF3115 /* FoundationExtension.swift in Sources */,
				A9B0ED7C2245F53500E84E2D /* MapCardosViewModel.swift in Sources */,
			);
			runOnlyForDeploymentPostprocessing = 0;
		};
		A95DA4B321F46A270039998D /* Sources */ = {
			isa = PBXSourcesBuildPhase;
			buildActionMask = 2147483647;
			files = (
				A95DA4BC21F46A270039998D /* CardoTests.swift in Sources */,
			);
			runOnlyForDeploymentPostprocessing = 0;
		};
		A95DA4BE21F46A270039998D /* Sources */ = {
			isa = PBXSourcesBuildPhase;
			buildActionMask = 2147483647;
			files = (
				A95DA4C721F46A270039998D /* CardoUITests.swift in Sources */,
			);
			runOnlyForDeploymentPostprocessing = 0;
		};
/* End PBXSourcesBuildPhase section */

/* Begin PBXTargetDependency section */
		A95DA4B921F46A270039998D /* PBXTargetDependency */ = {
			isa = PBXTargetDependency;
			target = A95DA4A221F46A260039998D /* Cardo */;
			targetProxy = A95DA4B821F46A270039998D /* PBXContainerItemProxy */;
		};
		A95DA4C421F46A270039998D /* PBXTargetDependency */ = {
			isa = PBXTargetDependency;
			target = A95DA4A221F46A260039998D /* Cardo */;
			targetProxy = A95DA4C321F46A270039998D /* PBXContainerItemProxy */;
		};
/* End PBXTargetDependency section */

/* Begin PBXVariantGroup section */
		A95DA4AA21F46A260039998D /* Main.storyboard */ = {
			isa = PBXVariantGroup;
			children = (
				A95DA4AB21F46A260039998D /* Base */,
			);
			name = Main.storyboard;
			sourceTree = "<group>";
		};
		A95DA4AF21F46A270039998D /* LaunchScreen.storyboard */ = {
			isa = PBXVariantGroup;
			children = (
				A95DA4B021F46A270039998D /* Base */,
			);
			name = LaunchScreen.storyboard;
			sourceTree = "<group>";
		};
/* End PBXVariantGroup section */

/* Begin XCBuildConfiguration section */
		A95DA4C921F46A270039998D /* Debug */ = {
			isa = XCBuildConfiguration;
			buildSettings = {
				ALWAYS_SEARCH_USER_PATHS = NO;
				CLANG_ANALYZER_LOCALIZABILITY_NONLOCALIZED = YES;
				CLANG_ANALYZER_NONNULL = YES;
				CLANG_ANALYZER_NUMBER_OBJECT_CONVERSION = YES_AGGRESSIVE;
				CLANG_CXX_LANGUAGE_STANDARD = "gnu++14";
				CLANG_CXX_LIBRARY = "libc++";
				CLANG_ENABLE_MODULES = YES;
				CLANG_ENABLE_OBJC_ARC = YES;
				CLANG_WARN_BLOCK_CAPTURE_AUTORELEASING = YES;
				CLANG_WARN_BOOL_CONVERSION = YES;
				CLANG_WARN_COMMA = YES;
				CLANG_WARN_CONSTANT_CONVERSION = YES;
				CLANG_WARN_DEPRECATED_OBJC_IMPLEMENTATIONS = YES;
				CLANG_WARN_DIRECT_OBJC_ISA_USAGE = YES_ERROR;
				CLANG_WARN_DOCUMENTATION_COMMENTS = YES;
				CLANG_WARN_EMPTY_BODY = YES;
				CLANG_WARN_ENUM_CONVERSION = YES;
				CLANG_WARN_INFINITE_RECURSION = YES;
				CLANG_WARN_INT_CONVERSION = YES;
				CLANG_WARN_NON_LITERAL_NULL_CONVERSION = YES;
				CLANG_WARN_OBJC_IMPLICIT_RETAIN_SELF = YES;
				CLANG_WARN_OBJC_LITERAL_CONVERSION = YES;
				CLANG_WARN_OBJC_ROOT_CLASS = YES_ERROR;
				CLANG_WARN_RANGE_LOOP_ANALYSIS = YES;
				CLANG_WARN_STRICT_PROTOTYPES = YES;
				CLANG_WARN_SUSPICIOUS_MOVE = YES;
				CLANG_WARN_UNGUARDED_AVAILABILITY = YES_AGGRESSIVE;
				CLANG_WARN_UNREACHABLE_CODE = YES;
				CLANG_WARN__DUPLICATE_METHOD_MATCH = YES;
				CODE_SIGN_IDENTITY = "iPhone Developer";
				COPY_PHASE_STRIP = NO;
				DEBUG_INFORMATION_FORMAT = dwarf;
				ENABLE_STRICT_OBJC_MSGSEND = YES;
				ENABLE_TESTABILITY = YES;
				GCC_C_LANGUAGE_STANDARD = gnu11;
				GCC_DYNAMIC_NO_PIC = NO;
				GCC_NO_COMMON_BLOCKS = YES;
				GCC_OPTIMIZATION_LEVEL = 0;
				GCC_PREPROCESSOR_DEFINITIONS = (
					"DEBUG=1",
					"$(inherited)",
				);
				GCC_WARN_64_TO_32_BIT_CONVERSION = YES;
				GCC_WARN_ABOUT_RETURN_TYPE = YES_ERROR;
				GCC_WARN_UNDECLARED_SELECTOR = YES;
				GCC_WARN_UNINITIALIZED_AUTOS = YES_AGGRESSIVE;
				GCC_WARN_UNUSED_FUNCTION = YES;
				GCC_WARN_UNUSED_VARIABLE = YES;
				IPHONEOS_DEPLOYMENT_TARGET = 10.3;
				MTL_ENABLE_DEBUG_INFO = YES;
				ONLY_ACTIVE_ARCH = YES;
				SDKROOT = iphoneos;
				SWIFT_ACTIVE_COMPILATION_CONDITIONS = DEBUG;
				SWIFT_OPTIMIZATION_LEVEL = "-Onone";
			};
			name = Debug;
		};
		A95DA4CA21F46A270039998D /* Release */ = {
			isa = XCBuildConfiguration;
			buildSettings = {
				ALWAYS_SEARCH_USER_PATHS = NO;
				CLANG_ANALYZER_LOCALIZABILITY_NONLOCALIZED = YES;
				CLANG_ANALYZER_NONNULL = YES;
				CLANG_ANALYZER_NUMBER_OBJECT_CONVERSION = YES_AGGRESSIVE;
				CLANG_CXX_LANGUAGE_STANDARD = "gnu++14";
				CLANG_CXX_LIBRARY = "libc++";
				CLANG_ENABLE_MODULES = YES;
				CLANG_ENABLE_OBJC_ARC = YES;
				CLANG_WARN_BLOCK_CAPTURE_AUTORELEASING = YES;
				CLANG_WARN_BOOL_CONVERSION = YES;
				CLANG_WARN_COMMA = YES;
				CLANG_WARN_CONSTANT_CONVERSION = YES;
				CLANG_WARN_DEPRECATED_OBJC_IMPLEMENTATIONS = YES;
				CLANG_WARN_DIRECT_OBJC_ISA_USAGE = YES_ERROR;
				CLANG_WARN_DOCUMENTATION_COMMENTS = YES;
				CLANG_WARN_EMPTY_BODY = YES;
				CLANG_WARN_ENUM_CONVERSION = YES;
				CLANG_WARN_INFINITE_RECURSION = YES;
				CLANG_WARN_INT_CONVERSION = YES;
				CLANG_WARN_NON_LITERAL_NULL_CONVERSION = YES;
				CLANG_WARN_OBJC_IMPLICIT_RETAIN_SELF = YES;
				CLANG_WARN_OBJC_LITERAL_CONVERSION = YES;
				CLANG_WARN_OBJC_ROOT_CLASS = YES_ERROR;
				CLANG_WARN_RANGE_LOOP_ANALYSIS = YES;
				CLANG_WARN_STRICT_PROTOTYPES = YES;
				CLANG_WARN_SUSPICIOUS_MOVE = YES;
				CLANG_WARN_UNGUARDED_AVAILABILITY = YES_AGGRESSIVE;
				CLANG_WARN_UNREACHABLE_CODE = YES;
				CLANG_WARN__DUPLICATE_METHOD_MATCH = YES;
				CODE_SIGN_IDENTITY = "iPhone Developer";
				COPY_PHASE_STRIP = NO;
				DEBUG_INFORMATION_FORMAT = "dwarf-with-dsym";
				ENABLE_NS_ASSERTIONS = NO;
				ENABLE_STRICT_OBJC_MSGSEND = YES;
				GCC_C_LANGUAGE_STANDARD = gnu11;
				GCC_NO_COMMON_BLOCKS = YES;
				GCC_WARN_64_TO_32_BIT_CONVERSION = YES;
				GCC_WARN_ABOUT_RETURN_TYPE = YES_ERROR;
				GCC_WARN_UNDECLARED_SELECTOR = YES;
				GCC_WARN_UNINITIALIZED_AUTOS = YES_AGGRESSIVE;
				GCC_WARN_UNUSED_FUNCTION = YES;
				GCC_WARN_UNUSED_VARIABLE = YES;
				IPHONEOS_DEPLOYMENT_TARGET = 10.3;
				MTL_ENABLE_DEBUG_INFO = NO;
				SDKROOT = iphoneos;
				SWIFT_OPTIMIZATION_LEVEL = "-Owholemodule";
				VALIDATE_PRODUCT = YES;
			};
			name = Release;
		};
		A95DA4CC21F46A270039998D /* Debug */ = {
			isa = XCBuildConfiguration;
			baseConfigurationReference = F9337C1E99C572B05B0BB691 /* Pods-Cardo.debug.xcconfig */;
			buildSettings = {
				ASSETCATALOG_COMPILER_APPICON_NAME = AppIcon;
				CODE_SIGN_ENTITLEMENTS = Cardo/Cardo.entitlements;
				CODE_SIGN_STYLE = Automatic;
				DEVELOPMENT_TEAM = ZU63YWUX27;
				INFOPLIST_FILE = Cardo/Info.plist;
				IPHONEOS_DEPLOYMENT_TARGET = 10.3;
				LD_RUNPATH_SEARCH_PATHS = "$(inherited) @executable_path/Frameworks";
				PRODUCT_BUNDLE_IDENTIFIER = happts.Cardo;
				PRODUCT_NAME = "$(TARGET_NAME)";
				SWIFT_VERSION = 4.2;
				TARGETED_DEVICE_FAMILY = 1;
				VALID_ARCHS = "arm64 arm64e";
			};
			name = Debug;
		};
		A95DA4CD21F46A270039998D /* Release */ = {
			isa = XCBuildConfiguration;
			baseConfigurationReference = DA73DC370A0F7AF97B9218A9 /* Pods-Cardo.release.xcconfig */;
			buildSettings = {
				ASSETCATALOG_COMPILER_APPICON_NAME = AppIcon;
				CODE_SIGN_ENTITLEMENTS = Cardo/Cardo.entitlements;
				CODE_SIGN_STYLE = Automatic;
				DEVELOPMENT_TEAM = ZU63YWUX27;
				INFOPLIST_FILE = Cardo/Info.plist;
				IPHONEOS_DEPLOYMENT_TARGET = 10.3;
				LD_RUNPATH_SEARCH_PATHS = "$(inherited) @executable_path/Frameworks";
				PRODUCT_BUNDLE_IDENTIFIER = happts.Cardo;
				PRODUCT_NAME = "$(TARGET_NAME)";
				SWIFT_VERSION = 4.2;
				TARGETED_DEVICE_FAMILY = 1;
				VALID_ARCHS = "arm64 arm64e";
			};
			name = Release;
		};
		A95DA4CF21F46A270039998D /* Debug */ = {
			isa = XCBuildConfiguration;
			baseConfigurationReference = C76D2921D1F303574AB03A67 /* Pods-CardoTests.debug.xcconfig */;
			buildSettings = {
				ALWAYS_EMBED_SWIFT_STANDARD_LIBRARIES = YES;
				BUNDLE_LOADER = "$(TEST_HOST)";
				CODE_SIGN_STYLE = Automatic;
				DEVELOPMENT_TEAM = ZU63YWUX27;
				INFOPLIST_FILE = CardoTests/Info.plist;
				LD_RUNPATH_SEARCH_PATHS = "$(inherited) @executable_path/Frameworks @loader_path/Frameworks";
				PRODUCT_BUNDLE_IDENTIFIER = happts.CardoTests;
				PRODUCT_NAME = "$(TARGET_NAME)";
				SWIFT_VERSION = 4.2;
				TARGETED_DEVICE_FAMILY = "1,2";
				TEST_HOST = "$(BUILT_PRODUCTS_DIR)/Cardo.app/Cardo";
			};
			name = Debug;
		};
		A95DA4D021F46A270039998D /* Release */ = {
			isa = XCBuildConfiguration;
			baseConfigurationReference = B4480B873E2F3A58A67B290A /* Pods-CardoTests.release.xcconfig */;
			buildSettings = {
				ALWAYS_EMBED_SWIFT_STANDARD_LIBRARIES = YES;
				BUNDLE_LOADER = "$(TEST_HOST)";
				CODE_SIGN_STYLE = Automatic;
				DEVELOPMENT_TEAM = ZU63YWUX27;
				INFOPLIST_FILE = CardoTests/Info.plist;
				LD_RUNPATH_SEARCH_PATHS = "$(inherited) @executable_path/Frameworks @loader_path/Frameworks";
				PRODUCT_BUNDLE_IDENTIFIER = happts.CardoTests;
				PRODUCT_NAME = "$(TARGET_NAME)";
				SWIFT_VERSION = 4.2;
				TARGETED_DEVICE_FAMILY = "1,2";
				TEST_HOST = "$(BUILT_PRODUCTS_DIR)/Cardo.app/Cardo";
			};
			name = Release;
		};
		A95DA4D221F46A270039998D /* Debug */ = {
			isa = XCBuildConfiguration;
			baseConfigurationReference = F7507BDD453DB76E78262B01 /* Pods-CardoUITests.debug.xcconfig */;
			buildSettings = {
				ALWAYS_EMBED_SWIFT_STANDARD_LIBRARIES = YES;
				CODE_SIGN_STYLE = Automatic;
				DEVELOPMENT_TEAM = ZU63YWUX27;
				INFOPLIST_FILE = CardoUITests/Info.plist;
				LD_RUNPATH_SEARCH_PATHS = "$(inherited) @executable_path/Frameworks @loader_path/Frameworks";
				PRODUCT_BUNDLE_IDENTIFIER = happts.CardoUITests;
				PRODUCT_NAME = "$(TARGET_NAME)";
				SWIFT_VERSION = 4.2;
				TARGETED_DEVICE_FAMILY = "1,2";
				TEST_TARGET_NAME = Cardo;
			};
			name = Debug;
		};
		A95DA4D321F46A270039998D /* Release */ = {
			isa = XCBuildConfiguration;
			baseConfigurationReference = C3E7341215AC67AA490FDF67 /* Pods-CardoUITests.release.xcconfig */;
			buildSettings = {
				ALWAYS_EMBED_SWIFT_STANDARD_LIBRARIES = YES;
				CODE_SIGN_STYLE = Automatic;
				DEVELOPMENT_TEAM = ZU63YWUX27;
				INFOPLIST_FILE = CardoUITests/Info.plist;
				LD_RUNPATH_SEARCH_PATHS = "$(inherited) @executable_path/Frameworks @loader_path/Frameworks";
				PRODUCT_BUNDLE_IDENTIFIER = happts.CardoUITests;
				PRODUCT_NAME = "$(TARGET_NAME)";
				SWIFT_VERSION = 4.2;
				TARGETED_DEVICE_FAMILY = "1,2";
				TEST_TARGET_NAME = Cardo;
			};
			name = Release;
		};
/* End XCBuildConfiguration section */

/* Begin XCConfigurationList section */
		A95DA49E21F46A260039998D /* Build configuration list for PBXProject "Cardo" */ = {
			isa = XCConfigurationList;
			buildConfigurations = (
				A95DA4C921F46A270039998D /* Debug */,
				A95DA4CA21F46A270039998D /* Release */,
			);
			defaultConfigurationIsVisible = 0;
			defaultConfigurationName = Release;
		};
		A95DA4CB21F46A270039998D /* Build configuration list for PBXNativeTarget "Cardo" */ = {
			isa = XCConfigurationList;
			buildConfigurations = (
				A95DA4CC21F46A270039998D /* Debug */,
				A95DA4CD21F46A270039998D /* Release */,
			);
			defaultConfigurationIsVisible = 0;
			defaultConfigurationName = Release;
		};
		A95DA4CE21F46A270039998D /* Build configuration list for PBXNativeTarget "CardoTests" */ = {
			isa = XCConfigurationList;
			buildConfigurations = (
				A95DA4CF21F46A270039998D /* Debug */,
				A95DA4D021F46A270039998D /* Release */,
			);
			defaultConfigurationIsVisible = 0;
			defaultConfigurationName = Release;
		};
		A95DA4D121F46A270039998D /* Build configuration list for PBXNativeTarget "CardoUITests" */ = {
			isa = XCConfigurationList;
			buildConfigurations = (
				A95DA4D221F46A270039998D /* Debug */,
				A95DA4D321F46A270039998D /* Release */,
			);
			defaultConfigurationIsVisible = 0;
			defaultConfigurationName = Release;
		};
/* End XCConfigurationList section */
	};
	rootObject = A95DA49B21F46A260039998D /* Project object */;
}
